
Microsoft Visual Studio Solution File, Format Version 12.00
# Visual Studio 14
VisualStudioVersion = 14.0.25420.1
MinimumVisualStudioVersion = 10.0.40219.1
Project("{FAE04EC0-301F-11D3-BF4B-00C04F79EFBC}") = "Meridian.AwsPasswordExtractor.Logic", "Meridian.AwsPasswordExtractor.Logic\Meridian.AwsPasswordExtractor.Logic.csproj", "{2ABBC132-A4FD-4426-81C7-193A23A39C21}"
EndProject
Project("{FAE04EC0-301F-11D3-BF4B-00C04F79EFBC}") = "Meridian.AwsPasswordExtractor.Console", "Meridian.AwsPasswordExtractor.Console\Meridian.AwsPasswordExtractor.Console.csproj", "{416EFF1E-B322-46DE-8256-1449DD1F74DB}"
EndProject
Project("{2150E333-8FDC-42A3-9474-1A3956D46DE8}") = "Solution Items", "Solution Items", "{E259BCB4-2F7D-4EBA-818E-7DA9B4F47C8C}"
	ProjectSection(SolutionItems) = preProject
		..\appveyor.yml = ..\appveyor.yml
		..\LICENCE.md = ..\LICENCE.md
		..\README.md = ..\README.md
	EndProjectSection
EndProject
Global
	GlobalSection(SolutionConfigurationPlatforms) = preSolution
		Debug|Any CPU = Debug|Any CPU
		Release|Any CPU = Release|Any CPU
	EndGlobalSection
	GlobalSection(ProjectConfigurationPlatforms) = postSolution
		{2ABBC132-A4FD-4426-81C7-193A23A39C21}.Debug|Any CPU.ActiveCfg = Debug|Any CPU
		{2ABBC132-A4FD-4426-81C7-193A23A39C21}.Debug|Any CPU.Build.0 = Debug|Any CPU
		{2ABBC132-A4FD-4426-81C7-193A23A39C21}.Release|Any CPU.ActiveCfg = Release|Any CPU
		{2ABBC132-A4FD-4426-81C7-193A23A39C21}.Release|Any CPU.Build.0 = Release|Any CPU
		{416EFF1E-B322-46DE-8256-1449DD1F74DB}.Debug|Any CPU.ActiveCfg = Debug|Any CPU
		{416EFF1E-B322-46DE-8256-1449DD1F74DB}.Debug|Any CPU.Build.0 = Debug|Any CPU
		{416EFF1E-B322-46DE-8256-1449DD1F74DB}.Release|Any CPU.ActiveCfg = Release|Any CPU
		{416EFF1E-B322-46DE-8256-1449DD1F74DB}.Release|Any CPU.Build.0 = Release|Any CPU
	EndGlobalSection
	GlobalSection(SolutionProperties) = preSolution
		HideSolutionNode = FALSE
	EndGlobalSection
EndGlobal
